# This file is automatically @generated by Cargo.
# It is not intended for manual editing.
version = 4

[[package]]
name = "splitway-cli"
version = "0.1.0"
dependencies = [
 "splitway-daemon",
]

[[package]]
name = "splitway-daemon"
version = "0.1.0"
dependencies = [
 "splitway-shared",
]

[[package]]
name = "splitway-shared"
version = "0.1.0"
